
Microsoft Visual Studio Solution File, Format Version 12.00
# Visual Studio Version 16
VisualStudioVersion = 25.0.1706.0
MinimumVisualStudioVersion = 10.0.40219.1
Project("{FAE04EC0-301F-11D3-BF4B-00C04F79EFBC}") = "OppgaveUke4", "OppgaveUke4\OppgaveUke4.csproj", "{D28EA348-7026-4703-B5CA-5FB3ADD2EB6A}"
EndProject
Project("{FAE04EC0-301F-11D3-BF4B-00C04F79EFBC}") = "OppgaveUke4.Test", "OppgaveUke4.Test\OppgaveUke4.Test.csproj", "{B0B6129A-666D-4F3D-9A01-12BAEDD77AC3}"
EndProject
Global
	GlobalSection(SolutionConfigurationPlatforms) = preSolution
		Debug|Any CPU = Debug|Any CPU
		Release|Any CPU = Release|Any CPU
	EndGlobalSection
	GlobalSection(ProjectConfigurationPlatforms) = postSolution
		{D28EA348-7026-4703-B5CA-5FB3ADD2EB6A}.Debug|Any CPU.ActiveCfg = Debug|Any CPU
		{D28EA348-7026-4703-B5CA-5FB3ADD2EB6A}.Debug|Any CPU.Build.0 = Debug|Any CPU
		{D28EA348-7026-4703-B5CA-5FB3ADD2EB6A}.Release|Any CPU.ActiveCfg = Release|Any CPU
		{D28EA348-7026-4703-B5CA-5FB3ADD2EB6A}.Release|Any CPU.Build.0 = Release|Any CPU
		{B0B6129A-666D-4F3D-9A01-12BAEDD77AC3}.Debug|Any CPU.ActiveCfg = Debug|Any CPU
		{B0B6129A-666D-4F3D-9A01-12BAEDD77AC3}.Debug|Any CPU.Build.0 = Debug|Any CPU
		{B0B6129A-666D-4F3D-9A01-12BAEDD77AC3}.Release|Any CPU.ActiveCfg = Release|Any CPU
		{B0B6129A-666D-4F3D-9A01-12BAEDD77AC3}.Release|Any CPU.Build.0 = Release|Any CPU
	EndGlobalSection
	GlobalSection(SolutionProperties) = preSolution
		HideSolutionNode = FALSE
	EndGlobalSection
	GlobalSection(ExtensibilityGlobals) = postSolution
		SolutionGuid = {8C2E2994-EBE3-45CC-BD6A-13F10F2116A5}
	EndGlobalSection
EndGlobal
